
Microsoft Visual Studio Solution File, Format Version 12.00
# Visual Studio Version 17
VisualStudioVersion = 17.10.34916.146
MinimumVisualStudioVersion = 10.0.40219.1
Project("{9A19103F-16F7-4668-BE54-9A1E7A4F7556}") = "proyecto_final_prog2.Infrastructure", "proyecto_final_prog2.Infrastructure.csproj", "{E13E6A2A-FA4A-4B16-A3CA-274FBD88BF24}"
EndProject
Global
	GlobalSection(SolutionConfigurationPlatforms) = preSolution
		Debug|Any CPU = Debug|Any CPU
		Release|Any CPU = Release|Any CPU
	EndGlobalSection
	GlobalSection(ProjectConfigurationPlatforms) = postSolution
		{E13E6A2A-FA4A-4B16-A3CA-274FBD88BF24}.Debug|Any CPU.ActiveCfg = Debug|Any CPU
		{E13E6A2A-FA4A-4B16-A3CA-274FBD88BF24}.Debug|Any CPU.Build.0 = Debug|Any CPU
		{E13E6A2A-FA4A-4B16-A3CA-274FBD88BF24}.Release|Any CPU.ActiveCfg = Release|Any CPU
		{E13E6A2A-FA4A-4B16-A3CA-274FBD88BF24}.Release|Any CPU.Build.0 = Release|Any CPU
	EndGlobalSection
	GlobalSection(SolutionProperties) = preSolution
		HideSolutionNode = FALSE
	EndGlobalSection
	GlobalSection(ExtensibilityGlobals) = postSolution
		SolutionGuid = {770AC4C7-E40E-45E4-95EF-45F22E671BE3}
	EndGlobalSection
EndGlobal
